
Microsoft Visual Studio Solution File, Format Version 12.00
# Visual Studio Version 16
VisualStudioVersion = 16.0.29319.158
MinimumVisualStudioVersion = 10.0.40219.1
Project("{FAE04EC0-301F-11D3-BF4B-00C04F79EFBC}") = "COCOR", "COCOR.csproj", "{B4C3D7DF-01D6-4393-97BC-C679F00DED12}"
EndProject
Global
	GlobalSection(SolutionConfigurationPlatforms) = preSolution
		Debug|Any CPU = Debug|Any CPU
		Release|Any CPU = Release|Any CPU
	EndGlobalSection
	GlobalSection(ProjectConfigurationPlatforms) = postSolution
		{B4C3D7DF-01D6-4393-97BC-C679F00DED12}.Debug|Any CPU.ActiveCfg = Debug|Any CPU
		{B4C3D7DF-01D6-4393-97BC-C679F00DED12}.Debug|Any CPU.Build.0 = Debug|Any CPU
		{B4C3D7DF-01D6-4393-97BC-C679F00DED12}.Release|Any CPU.ActiveCfg = Release|Any CPU
		{B4C3D7DF-01D6-4393-97BC-C679F00DED12}.Release|Any CPU.Build.0 = Release|Any CPU
	EndGlobalSection
	GlobalSection(SolutionProperties) = preSolution
		HideSolutionNode = FALSE
	EndGlobalSection
	GlobalSection(ExtensibilityGlobals) = postSolution
		SolutionGuid = {1AA22CAE-010B-45E1-84C3-E4AE2933C9FB}
	EndGlobalSection
EndGlobal
